
Microsoft Visual Studio Solution File, Format Version 12.00
# Visual Studio Version 17
VisualStudioVersion = 17.2.32616.157
MinimumVisualStudioVersion = 10.0.40219.1
Project("{8BC9CEB8-8B4A-11D0-8D11-00A0C91BC942}") = "SceneBase", "SceneBase.vcxproj", "{B78D0A48-BF14-404F-B9F1-EAAB4F449687}"
EndProject
Global
	GlobalSection(SolutionConfigurationPlatforms) = preSolution
		Debug|x64 = Debug|x64
		Debug|x86 = Debug|x86
		Release|x64 = Release|x64
		Release|x86 = Release|x86
	EndGlobalSection
	GlobalSection(ProjectConfigurationPlatforms) = postSolution
		{B78D0A48-BF14-404F-B9F1-EAAB4F449687}.Debug|x64.ActiveCfg = Debug|x64
		{B78D0A48-BF14-404F-B9F1-EAAB4F449687}.Debug|x64.Build.0 = Debug|x64
		{B78D0A48-BF14-404F-B9F1-EAAB4F449687}.Debug|x86.ActiveCfg = Debug|Win32
		{B78D0A48-BF14-404F-B9F1-EAAB4F449687}.Debug|x86.Build.0 = Debug|Win32
		{B78D0A48-BF14-404F-B9F1-EAAB4F449687}.Release|x64.ActiveCfg = Release|x64
		{B78D0A48-BF14-404F-B9F1-EAAB4F449687}.Release|x64.Build.0 = Release|x64
		{B78D0A48-BF14-404F-B9F1-EAAB4F449687}.Release|x86.ActiveCfg = Release|Win32
		{B78D0A48-BF14-404F-B9F1-EAAB4F449687}.Release|x86.Build.0 = Release|Win32
	EndGlobalSection
	GlobalSection(SolutionProperties) = preSolution
		HideSolutionNode = FALSE
	EndGlobalSection
	GlobalSection(ExtensibilityGlobals) = postSolution
		SolutionGuid = {E867D9CA-881B-44EE-A450-9E7C727A4E94}
	EndGlobalSection
EndGlobal
